# This file was autogenerated by Juvix version 0.6.8.
# Do not edit this file manually.

version: 2
checksum: b1e827e57663147ab0bd1423423329f51f6432d423bb1c1d1d4fdf0c270bf76c
dependencies:
- path: .juvix-build/0.6.8/stdlib/
  dependencies: []
- git:
    name: anoma_juvix-arm-specs
    ref: dc691b9e17b4b8136296904d433c946f81588157
    url: https://github.com/anoma/juvix-arm-specs
  dependencies:
  - git:
      name: anoma_juvix-stdlib
      ref: 0080b1183ab55e5180e69bfc3987e4cd6edbc230
      url: https://github.com/anoma/juvix-stdlib
    dependencies: []
- git:
    name: anoma_anoma-applib
    ref: a6c4993f203d759051ef4a31c0c6c7fde0a9e9a2
    url: https://github.com/anoma/anoma-applib
  dependencies:
  - git:
      name: anoma_juvix-stdlib
      ref: 0080b1183ab55e5180e69bfc3987e4cd6edbc230
      url: https://github.com/anoma/juvix-stdlib
    dependencies: []
  - git:
      name: anoma_juvix-arm-specs
      ref: dc691b9e17b4b8136296904d433c946f81588157
      url: https://github.com/anoma/juvix-arm-specs
    dependencies:
    - git:
        name: anoma_juvix-stdlib
        ref: 0080b1183ab55e5180e69bfc3987e4cd6edbc230
        url: https://github.com/anoma/juvix-stdlib
      dependencies: []
