# This file was autogenerated by Juvix version 0.6.9.
# Do not edit this file manually.

version: 2
checksum: e6bb237176f7ca15a1a88ed07498f5097d36fa5a5f2e3b8acc17e1733c7bbf3b
dependencies:
- git:
    name: anoma_juvix-stdlib
    ref: e5add9b2a8ce3dc28519c135bdcdcd694d0bea15
    url: https://github.com/anoma/juvix-stdlib
  dependencies: []
- git:
    name: anoma_anoma-applib
    ref: f85dadddb8b4ea6de3b9e2d9c4fdd7d13e86b628
    url: https://github.com/anoma/anoma-applib
  dependencies:
  - git:
      name: anoma_juvix-stdlib
      ref: e5add9b2a8ce3dc28519c135bdcdcd694d0bea15
      url: https://github.com/anoma/juvix-stdlib
    dependencies: []
  - git:
      name: anoma_juvix-mtl
      ref: 116893aa8f6233d693bdfa60a56a3879208cfd8f
      url: https://github.com/anoma/juvix-mtl
    dependencies:
    - git:
        name: anoma_juvix-stdlib
        ref: e5add9b2a8ce3dc28519c135bdcdcd694d0bea15
        url: https://github.com/anoma/juvix-stdlib
      dependencies: []
